
Microsoft Visual Studio Solution File, Format Version 12.00
# Visual Studio Version 17
VisualStudioVersion = 17.5.002.0
MinimumVisualStudioVersion = 10.0.40219.1
Project("{9A19103F-16F7-4668-BE54-9A1E7A4F7556}") = "AspNetCore.Middleware.Exceptions", "AspNetCore.Middleware.Exceptions.csproj", "{C5E72573-4566-4DDE-B9CA-A7FF6FABB24D}"
EndProject
Global
	GlobalSection(SolutionConfigurationPlatforms) = preSolution
		Debug|Any CPU = Debug|Any CPU
		Release|Any CPU = Release|Any CPU
	EndGlobalSection
	GlobalSection(ProjectConfigurationPlatforms) = postSolution
		{C5E72573-4566-4DDE-B9CA-A7FF6FABB24D}.Debug|Any CPU.ActiveCfg = Debug|Any CPU
		{C5E72573-4566-4DDE-B9CA-A7FF6FABB24D}.Debug|Any CPU.Build.0 = Debug|Any CPU
		{C5E72573-4566-4DDE-B9CA-A7FF6FABB24D}.Release|Any CPU.ActiveCfg = Release|Any CPU
		{C5E72573-4566-4DDE-B9CA-A7FF6FABB24D}.Release|Any CPU.Build.0 = Release|Any CPU
	EndGlobalSection
	GlobalSection(SolutionProperties) = preSolution
		HideSolutionNode = FALSE
	EndGlobalSection
	GlobalSection(ExtensibilityGlobals) = postSolution
		SolutionGuid = {7F9F3841-4BA7-451F-A375-A5BD18D52351}
	EndGlobalSection
EndGlobal
